// !$*UTF8*$!
{
	archiveVersion = 1;
	classes = {
	};
	objectVersion = 48;
	objects = {

/* Begin PBXBuildFile section */
		1CEE895CD0A1C7A5775F5341 /* Pods_PokeSpikeTests.framework in Frameworks */ = {isa = PBXBuildFile; fileRef = E305F1AD09BF1959FE00E9A9 /* Pods_PokeSpikeTests.framework */; };
		22D15BFEF8F8510346A05397 /* Pods_PokeSpike.framework in Frameworks */ = {isa = PBXBuildFile; fileRef = F061DB6AE2F954C11939E6AF /* Pods_PokeSpike.framework */; };
		96084A401FB76F100066A76D /* ListRequestorTests.swift in Sources */ = {isa = PBXBuildFile; fileRef = 96084A3F1FB76F100066A76D /* ListRequestorTests.swift */; };
		961611251FB770E0001AA955 /* MockRequestWrapper.swift in Sources */ = {isa = PBXBuildFile; fileRef = 961611241FB770E0001AA955 /* MockRequestWrapper.swift */; };
		961611271FB786A9001AA955 /* MockListViewLogic.swift in Sources */ = {isa = PBXBuildFile; fileRef = 961611261FB786A9001AA955 /* MockListViewLogic.swift */; };
		961845981FB72F19006B178D /* MovesRequest.swift in Sources */ = {isa = PBXBuildFile; fileRef = 961845971FB72F19006B178D /* MovesRequest.swift */; };
		9618459A1FB7301B006B178D /* MovesResponse.swift in Sources */ = {isa = PBXBuildFile; fileRef = 961845991FB7301B006B178D /* MovesResponse.swift */; };
		96F6D6201FB67E5400202877 /* AppDelegate.swift in Sources */ = {isa = PBXBuildFile; fileRef = 96F6D61F1FB67E5400202877 /* AppDelegate.swift */; };
		96F6D6221FB67E5400202877 /* ListViewController.swift in Sources */ = {isa = PBXBuildFile; fileRef = 96F6D6211FB67E5400202877 /* ListViewController.swift */; };
		96F6D6251FB67E5400202877 /* Main.storyboard in Resources */ = {isa = PBXBuildFile; fileRef = 96F6D6231FB67E5400202877 /* Main.storyboard */; };
		96F6D6271FB67E5400202877 /* Assets.xcassets in Resources */ = {isa = PBXBuildFile; fileRef = 96F6D6261FB67E5400202877 /* Assets.xcassets */; };
		96F6D62A1FB67E5400202877 /* LaunchScreen.storyboard in Resources */ = {isa = PBXBuildFile; fileRef = 96F6D6281FB67E5400202877 /* LaunchScreen.storyboard */; };
		96F6D6401FB68A8700202877 /* PokemonListDataSource.swift in Sources */ = {isa = PBXBuildFile; fileRef = 96F6D63F1FB68A8700202877 /* PokemonListDataSource.swift */; };
		96F6D6421FB68A9A00202877 /* MoveListDataSource.swift in Sources */ = {isa = PBXBuildFile; fileRef = 96F6D6411FB68A9A00202877 /* MoveListDataSource.swift */; };
		96F6D6441FB68ABF00202877 /* ListViewLogic.swift in Sources */ = {isa = PBXBuildFile; fileRef = 96F6D6431FB68ABF00202877 /* ListViewLogic.swift */; };
		96F6D6461FB68B3000202877 /* Pokemon.swift in Sources */ = {isa = PBXBuildFile; fileRef = 96F6D6451FB68B3000202877 /* Pokemon.swift */; };
		96F6D6481FB68B8B00202877 /* Move.swift in Sources */ = {isa = PBXBuildFile; fileRef = 96F6D6471FB68B8B00202877 /* Move.swift */; };
		96F6D64A1FB68D0F00202877 /* PokemonListCell.swift in Sources */ = {isa = PBXBuildFile; fileRef = 96F6D6491FB68D0F00202877 /* PokemonListCell.swift */; };
		96F6D64C1FB68D3900202877 /* MoveListCell.swift in Sources */ = {isa = PBXBuildFile; fileRef = 96F6D64B1FB68D3900202877 /* MoveListCell.swift */; };
		96FAA9EB1FB69CA0001A11A5 /* RequestWrapper.swift in Sources */ = {isa = PBXBuildFile; fileRef = 96FAA9EA1FB69CA0001A11A5 /* RequestWrapper.swift */; };
		96FAA9ED1FB69F67001A11A5 /* ListRequestor.swift in Sources */ = {isa = PBXBuildFile; fileRef = 96FAA9EC1FB69F67001A11A5 /* ListRequestor.swift */; };
		96FAA9EF1FB71BC3001A11A5 /* PokeRequest.swift in Sources */ = {isa = PBXBuildFile; fileRef = 96FAA9EE1FB71BC3001A11A5 /* PokeRequest.swift */; };
		96FAA9F11FB71BFF001A11A5 /* PokemonsRequest.swift in Sources */ = {isa = PBXBuildFile; fileRef = 96FAA9F01FB71BFF001A11A5 /* PokemonsRequest.swift */; };
		96FAA9F31FB71F33001A11A5 /* PokemonsResponse.swift in Sources */ = {isa = PBXBuildFile; fileRef = 96FAA9F21FB71F33001A11A5 /* PokemonsResponse.swift */; };
/* End PBXBuildFile section */

/* Begin PBXContainerItemProxy section */
		96084A381FB76ED20066A76D /* PBXContainerItemProxy */ = {
			isa = PBXContainerItemProxy;
			containerPortal = 96F6D6141FB67E5400202877 /* Project object */;
			proxyType = 1;
			remoteGlobalIDString = 96F6D61B1FB67E5400202877;
			remoteInfo = PokeSpike;
		};
/* End PBXContainerItemProxy section */

/* Begin PBXFileReference section */
		18F946DDB54C34C9F28D80F0 /* Pods-PokeSpike.debug.xcconfig */ = {isa = PBXFileReference; includeInIndex = 1; lastKnownFileType = text.xcconfig; name = "Pods-PokeSpike.debug.xcconfig"; path = "Pods/Target Support Files/Pods-PokeSpike/Pods-PokeSpike.debug.xcconfig"; sourceTree = "<group>"; };
		96084A331FB76ED20066A76D /* PokeSpikeTests.xctest */ = {isa = PBXFileReference; explicitFileType = wrapper.cfbundle; includeInIndex = 0; path = PokeSpikeTests.xctest; sourceTree = BUILT_PRODUCTS_DIR; };
		96084A371FB76ED20066A76D /* Info.plist */ = {isa = PBXFileReference; lastKnownFileType = text.plist.xml; path = Info.plist; sourceTree = "<group>"; };
		96084A3F1FB76F100066A76D /* ListRequestorTests.swift */ = {isa = PBXFileReference; lastKnownFileType = sourcecode.swift; path = ListRequestorTests.swift; sourceTree = "<group>"; };
		961611241FB770E0001AA955 /* MockRequestWrapper.swift */ = {isa = PBXFileReference; lastKnownFileType = sourcecode.swift; path = MockRequestWrapper.swift; sourceTree = "<group>"; };
		961611261FB786A9001AA955 /* MockListViewLogic.swift */ = {isa = PBXFileReference; lastKnownFileType = sourcecode.swift; path = MockListViewLogic.swift; sourceTree = "<group>"; };
		961845971FB72F19006B178D /* MovesRequest.swift */ = {isa = PBXFileReference; lastKnownFileType = sourcecode.swift; path = MovesRequest.swift; sourceTree = "<group>"; };
		961845991FB7301B006B178D /* MovesResponse.swift */ = {isa = PBXFileReference; lastKnownFileType = sourcecode.swift; path = MovesResponse.swift; sourceTree = "<group>"; };
		96F6D61C1FB67E5400202877 /* PokeSpike.app */ = {isa = PBXFileReference; explicitFileType = wrapper.application; includeInIndex = 0; path = PokeSpike.app; sourceTree = BUILT_PRODUCTS_DIR; };
		96F6D61F1FB67E5400202877 /* AppDelegate.swift */ = {isa = PBXFileReference; lastKnownFileType = sourcecode.swift; path = AppDelegate.swift; sourceTree = "<group>"; };
		96F6D6211FB67E5400202877 /* ListViewController.swift */ = {isa = PBXFileReference; lastKnownFileType = sourcecode.swift; path = ListViewController.swift; sourceTree = "<group>"; };
		96F6D6241FB67E5400202877 /* Base */ = {isa = PBXFileReference; lastKnownFileType = file.storyboard; name = Base; path = Base.lproj/Main.storyboard; sourceTree = "<group>"; };
		96F6D6261FB67E5400202877 /* Assets.xcassets */ = {isa = PBXFileReference; lastKnownFileType = folder.assetcatalog; path = Assets.xcassets; sourceTree = "<group>"; };
		96F6D6291FB67E5400202877 /* Base */ = {isa = PBXFileReference; lastKnownFileType = file.storyboard; name = Base; path = Base.lproj/LaunchScreen.storyboard; sourceTree = "<group>"; };
		96F6D62B1FB67E5400202877 /* Info.plist */ = {isa = PBXFileReference; lastKnownFileType = text.plist.xml; path = Info.plist; sourceTree = "<group>"; };
		96F6D63F1FB68A8700202877 /* PokemonListDataSource.swift */ = {isa = PBXFileReference; lastKnownFileType = sourcecode.swift; path = PokemonListDataSource.swift; sourceTree = "<group>"; };
		96F6D6411FB68A9A00202877 /* MoveListDataSource.swift */ = {isa = PBXFileReference; lastKnownFileType = sourcecode.swift; path = MoveListDataSource.swift; sourceTree = "<group>"; };
		96F6D6431FB68ABF00202877 /* ListViewLogic.swift */ = {isa = PBXFileReference; lastKnownFileType = sourcecode.swift; path = ListViewLogic.swift; sourceTree = "<group>"; };
		96F6D6451FB68B3000202877 /* Pokemon.swift */ = {isa = PBXFileReference; lastKnownFileType = sourcecode.swift; path = Pokemon.swift; sourceTree = "<group>"; };
		96F6D6471FB68B8B00202877 /* Move.swift */ = {isa = PBXFileReference; lastKnownFileType = sourcecode.swift; path = Move.swift; sourceTree = "<group>"; };
		96F6D6491FB68D0F00202877 /* PokemonListCell.swift */ = {isa = PBXFileReference; lastKnownFileType = sourcecode.swift; path = PokemonListCell.swift; sourceTree = "<group>"; };
		96F6D64B1FB68D3900202877 /* MoveListCell.swift */ = {isa = PBXFileReference; lastKnownFileType = sourcecode.swift; path = MoveListCell.swift; sourceTree = "<group>"; };
		96FAA9EA1FB69CA0001A11A5 /* RequestWrapper.swift */ = {isa = PBXFileReference; lastKnownFileType = sourcecode.swift; path = RequestWrapper.swift; sourceTree = "<group>"; };
		96FAA9EC1FB69F67001A11A5 /* ListRequestor.swift */ = {isa = PBXFileReference; lastKnownFileType = sourcecode.swift; path = ListRequestor.swift; sourceTree = "<group>"; };
		96FAA9EE1FB71BC3001A11A5 /* PokeRequest.swift */ = {isa = PBXFileReference; lastKnownFileType = sourcecode.swift; path = PokeRequest.swift; sourceTree = "<group>"; };
		96FAA9F01FB71BFF001A11A5 /* PokemonsRequest.swift */ = {isa = PBXFileReference; lastKnownFileType = sourcecode.swift; path = PokemonsRequest.swift; sourceTree = "<group>"; };
		96FAA9F21FB71F33001A11A5 /* PokemonsResponse.swift */ = {isa = PBXFileReference; lastKnownFileType = sourcecode.swift; path = PokemonsResponse.swift; sourceTree = "<group>"; };
		A58DBA12752B6018B8901686 /* Pods-PokeSpike.release.xcconfig */ = {isa = PBXFileReference; includeInIndex = 1; lastKnownFileType = text.xcconfig; name = "Pods-PokeSpike.release.xcconfig"; path = "Pods/Target Support Files/Pods-PokeSpike/Pods-PokeSpike.release.xcconfig"; sourceTree = "<group>"; };
		B4314C0FC81721FFABF2E306 /* Pods-PokeSpikeTests.release.xcconfig */ = {isa = PBXFileReference; includeInIndex = 1; lastKnownFileType = text.xcconfig; name = "Pods-PokeSpikeTests.release.xcconfig"; path = "Pods/Target Support Files/Pods-PokeSpikeTests/Pods-PokeSpikeTests.release.xcconfig"; sourceTree = "<group>"; };
		DF7AB2F38113B4CCBF0D1428 /* Pods-PokeSpikeTests.debug.xcconfig */ = {isa = PBXFileReference; includeInIndex = 1; lastKnownFileType = text.xcconfig; name = "Pods-PokeSpikeTests.debug.xcconfig"; path = "Pods/Target Support Files/Pods-PokeSpikeTests/Pods-PokeSpikeTests.debug.xcconfig"; sourceTree = "<group>"; };
		E305F1AD09BF1959FE00E9A9 /* Pods_PokeSpikeTests.framework */ = {isa = PBXFileReference; explicitFileType = wrapper.framework; includeInIndex = 0; path = Pods_PokeSpikeTests.framework; sourceTree = BUILT_PRODUCTS_DIR; };
		F061DB6AE2F954C11939E6AF /* Pods_PokeSpike.framework */ = {isa = PBXFileReference; explicitFileType = wrapper.framework; includeInIndex = 0; path = Pods_PokeSpike.framework; sourceTree = BUILT_PRODUCTS_DIR; };
/* End PBXFileReference section */

/* Begin PBXFrameworksBuildPhase section */
		96084A301FB76ED20066A76D /* Frameworks */ = {
			isa = PBXFrameworksBuildPhase;
			buildActionMask = 2147483647;
			files = (
				1CEE895CD0A1C7A5775F5341 /* Pods_PokeSpikeTests.framework in Frameworks */,
			);
			runOnlyForDeploymentPostprocessing = 0;
		};
		96F6D6191FB67E5400202877 /* Frameworks */ = {
			isa = PBXFrameworksBuildPhase;
			buildActionMask = 2147483647;
			files = (
				22D15BFEF8F8510346A05397 /* Pods_PokeSpike.framework in Frameworks */,
			);
			runOnlyForDeploymentPostprocessing = 0;
		};
/* End PBXFrameworksBuildPhase section */

/* Begin PBXGroup section */
		69AECC667B7D61EE68E8D724 /* Frameworks */ = {
			isa = PBXGroup;
			children = (
				F061DB6AE2F954C11939E6AF /* Pods_PokeSpike.framework */,
				E305F1AD09BF1959FE00E9A9 /* Pods_PokeSpikeTests.framework */,
			);
			name = Frameworks;
			sourceTree = "<group>";
		};
		96084A341FB76ED20066A76D /* PokeSpikeTests */ = {
			isa = PBXGroup;
			children = (
				961611231FB770C4001AA955 /* Mocks */,
				96084A3D1FB76EE90066A76D /* Support */,
				96084A3F1FB76F100066A76D /* ListRequestorTests.swift */,
			);
			path = PokeSpikeTests;
			sourceTree = "<group>";
		};
		96084A3D1FB76EE90066A76D /* Support */ = {
			isa = PBXGroup;
			children = (
				96084A371FB76ED20066A76D /* Info.plist */,
			);
			path = Support;
			sourceTree = "<group>";
		};
		961611231FB770C4001AA955 /* Mocks */ = {
			isa = PBXGroup;
			children = (
				961611261FB786A9001AA955 /* MockListViewLogic.swift */,
				961611241FB770E0001AA955 /* MockRequestWrapper.swift */,
			);
			path = Mocks;
			sourceTree = "<group>";
		};
		96B0BF3D1FB7694E00B2DDB1 /* Support */ = {
			isa = PBXGroup;
			children = (
				96F6D61F1FB67E5400202877 /* AppDelegate.swift */,
				96F6D6261FB67E5400202877 /* Assets.xcassets */,
				96F6D62B1FB67E5400202877 /* Info.plist */,
				96F6D6281FB67E5400202877 /* LaunchScreen.storyboard */,
			);
			path = Support;
			sourceTree = "<group>";
		};
		96F6D6131FB67E5400202877 = {
			isa = PBXGroup;
			children = (
				69AECC667B7D61EE68E8D724 /* Frameworks */,
				99B0AC57A6DB811BBEB61755 /* Pods */,
				96F6D61E1FB67E5400202877 /* PokeSpike */,
				96084A341FB76ED20066A76D /* PokeSpikeTests */,
				96F6D61D1FB67E5400202877 /* Products */,
			);
			sourceTree = "<group>";
		};
		96F6D61D1FB67E5400202877 /* Products */ = {
			isa = PBXGroup;
			children = (
				96F6D61C1FB67E5400202877 /* PokeSpike.app */,
				96084A331FB76ED20066A76D /* PokeSpikeTests.xctest */,
			);
			name = Products;
			sourceTree = "<group>";
		};
		96F6D61E1FB67E5400202877 /* PokeSpike */ = {
			isa = PBXGroup;
			children = (
				96B0BF3D1FB7694E00B2DDB1 /* Support */,
				96FAA9EC1FB69F67001A11A5 /* ListRequestor.swift */,
				96F6D6211FB67E5400202877 /* ListViewController.swift */,
				96F6D6431FB68ABF00202877 /* ListViewLogic.swift */,
				96F6D6231FB67E5400202877 /* Main.storyboard */,
				96F6D6471FB68B8B00202877 /* Move.swift */,
				96F6D64B1FB68D3900202877 /* MoveListCell.swift */,
				96F6D6411FB68A9A00202877 /* MoveListDataSource.swift */,
				961845971FB72F19006B178D /* MovesRequest.swift */,
				961845991FB7301B006B178D /* MovesResponse.swift */,
				96FAA9EE1FB71BC3001A11A5 /* PokeRequest.swift */,
				96F6D6451FB68B3000202877 /* Pokemon.swift */,
				96F6D6491FB68D0F00202877 /* PokemonListCell.swift */,
				96F6D63F1FB68A8700202877 /* PokemonListDataSource.swift */,
				96FAA9F01FB71BFF001A11A5 /* PokemonsRequest.swift */,
				96FAA9F21FB71F33001A11A5 /* PokemonsResponse.swift */,
				96FAA9EA1FB69CA0001A11A5 /* RequestWrapper.swift */,
			);
			path = PokeSpike;
			sourceTree = "<group>";
		};
		99B0AC57A6DB811BBEB61755 /* Pods */ = {
			isa = PBXGroup;
			children = (
				18F946DDB54C34C9F28D80F0 /* Pods-PokeSpike.debug.xcconfig */,
				A58DBA12752B6018B8901686 /* Pods-PokeSpike.release.xcconfig */,
				DF7AB2F38113B4CCBF0D1428 /* Pods-PokeSpikeTests.debug.xcconfig */,
				B4314C0FC81721FFABF2E306 /* Pods-PokeSpikeTests.release.xcconfig */,
			);
			name = Pods;
			sourceTree = "<group>";
		};
/* End PBXGroup section */

/* Begin PBXNativeTarget section */
		96084A321FB76ED20066A76D /* PokeSpikeTests */ = {
			isa = PBXNativeTarget;
			buildConfigurationList = 96084A3A1FB76ED20066A76D /* Build configuration list for PBXNativeTarget "PokeSpikeTests" */;
			buildPhases = (
				BE8852863527A02D82BDB0D9 /* [CP] Check Pods Manifest.lock */,
				96084A2F1FB76ED20066A76D /* Sources */,
				96084A301FB76ED20066A76D /* Frameworks */,
				96084A311FB76ED20066A76D /* Resources */,
				AF1A8B635054C729435C6ACA /* [CP] Embed Pods Frameworks */,
				696F8D855806061E07D7278A /* [CP] Copy Pods Resources */,
			);
			buildRules = (
			);
			dependencies = (
				96084A391FB76ED20066A76D /* PBXTargetDependency */,
			);
			name = PokeSpikeTests;
			productName = PokeSpikeTests;
			productReference = 96084A331FB76ED20066A76D /* PokeSpikeTests.xctest */;
			productType = "com.apple.product-type.bundle.unit-test";
		};
		96F6D61B1FB67E5400202877 /* PokeSpike */ = {
			isa = PBXNativeTarget;
			buildConfigurationList = 96F6D6391FB67E5400202877 /* Build configuration list for PBXNativeTarget "PokeSpike" */;
			buildPhases = (
				2AE9428256F71B070F2985F9 /* [CP] Check Pods Manifest.lock */,
				96F6D6181FB67E5400202877 /* Sources */,
				96F6D6191FB67E5400202877 /* Frameworks */,
				96F6D61A1FB67E5400202877 /* Resources */,
				76BEA5B453C7F67745A3B726 /* [CP] Embed Pods Frameworks */,
				D69937B6D40CDEC7F79C1566 /* [CP] Copy Pods Resources */,
			);
			buildRules = (
			);
			dependencies = (
			);
			name = PokeSpike;
			productName = PokeSpike;
			productReference = 96F6D61C1FB67E5400202877 /* PokeSpike.app */;
			productType = "com.apple.product-type.application";
		};
/* End PBXNativeTarget section */

/* Begin PBXProject section */
		96F6D6141FB67E5400202877 /* Project object */ = {
			isa = PBXProject;
			attributes = {
				LastSwiftUpdateCheck = 0910;
				LastUpgradeCheck = 0910;
				ORGANIZATIONNAME = "Peapod Multimedia, ltd.";
				TargetAttributes = {
					96084A321FB76ED20066A76D = {
						CreatedOnToolsVersion = 9.1;
						LastSwiftMigration = 0910;
						ProvisioningStyle = Automatic;
						TestTargetID = 96F6D61B1FB67E5400202877;
					};
					96F6D61B1FB67E5400202877 = {
						CreatedOnToolsVersion = 9.1;
						ProvisioningStyle = Automatic;
					};
				};
			};
			buildConfigurationList = 96F6D6171FB67E5400202877 /* Build configuration list for PBXProject "PokeSpike" */;
			compatibilityVersion = "Xcode 8.0";
			developmentRegion = en;
			hasScannedForEncodings = 0;
			knownRegions = (
				en,
				Base,
			);
			mainGroup = 96F6D6131FB67E5400202877;
			productRefGroup = 96F6D61D1FB67E5400202877 /* Products */;
			projectDirPath = "";
			projectRoot = "";
			targets = (
				96F6D61B1FB67E5400202877 /* PokeSpike */,
				96084A321FB76ED20066A76D /* PokeSpikeTests */,
			);
		};
/* End PBXProject section */

/* Begin PBXResourcesBuildPhase section */
		96084A311FB76ED20066A76D /* Resources */ = {
			isa = PBXResourcesBuildPhase;
			buildActionMask = 2147483647;
			files = (
			);
			runOnlyForDeploymentPostprocessing = 0;
		};
		96F6D61A1FB67E5400202877 /* Resources */ = {
			isa = PBXResourcesBuildPhase;
			buildActionMask = 2147483647;
			files = (
				96F6D62A1FB67E5400202877 /* LaunchScreen.storyboard in Resources */,
				96F6D6271FB67E5400202877 /* Assets.xcassets in Resources */,
				96F6D6251FB67E5400202877 /* Main.storyboard in Resources */,
			);
			runOnlyForDeploymentPostprocessing = 0;
		};
/* End PBXResourcesBuildPhase section */

/* Begin PBXShellScriptBuildPhase section */
		2AE9428256F71B070F2985F9 /* [CP] Check Pods Manifest.lock */ = {
			isa = PBXShellScriptBuildPhase;
			buildActionMask = 2147483647;
			files = (
			);
			inputPaths = (
			);
			name = "[CP] Check Pods Manifest.lock";
			outputPaths = (
			);
			runOnlyForDeploymentPostprocessing = 0;
			shellPath = /bin/sh;
			shellScript = "diff \"${PODS_PODFILE_DIR_PATH}/Podfile.lock\" \"${PODS_ROOT}/Manifest.lock\" > /dev/null\nif [ $? != 0 ] ; then\n    # print error to STDERR\n    echo \"error: The sandbox is not in sync with the Podfile.lock. Run 'pod install' or update your CocoaPods installation.\" >&2\n    exit 1\nfi\n";
			showEnvVarsInLog = 0;
		};
		696F8D855806061E07D7278A /* [CP] Copy Pods Resources */ = {
			isa = PBXShellScriptBuildPhase;
			buildActionMask = 2147483647;
			files = (
			);
			inputPaths = (
			);
			name = "[CP] Copy Pods Resources";
			outputPaths = (
			);
			runOnlyForDeploymentPostprocessing = 0;
			shellPath = /bin/sh;
			shellScript = "\"${SRCROOT}/Pods/Target Support Files/Pods-PokeSpikeTests/Pods-PokeSpikeTests-resources.sh\"\n";
			showEnvVarsInLog = 0;
		};
		76BEA5B453C7F67745A3B726 /* [CP] Embed Pods Frameworks */ = {
			isa = PBXShellScriptBuildPhase;
			buildActionMask = 2147483647;
			files = (
			);
			inputPaths = (
			);
			name = "[CP] Embed Pods Frameworks";
			outputPaths = (
			);
			runOnlyForDeploymentPostprocessing = 0;
			shellPath = /bin/sh;
			shellScript = "\"${SRCROOT}/Pods/Target Support Files/Pods-PokeSpike/Pods-PokeSpike-frameworks.sh\"\n";
			showEnvVarsInLog = 0;
		};
		AF1A8B635054C729435C6ACA /* [CP] Embed Pods Frameworks */ = {
			isa = PBXShellScriptBuildPhase;
			buildActionMask = 2147483647;
			files = (
			);
			inputPaths = (
			);
			name = "[CP] Embed Pods Frameworks";
			outputPaths = (
			);
			runOnlyForDeploymentPostprocessing = 0;
			shellPath = /bin/sh;
			shellScript = "\"${SRCROOT}/Pods/Target Support Files/Pods-PokeSpikeTests/Pods-PokeSpikeTests-frameworks.sh\"\n";
			showEnvVarsInLog = 0;
		};
		BE8852863527A02D82BDB0D9 /* [CP] Check Pods Manifest.lock */ = {
			isa = PBXShellScriptBuildPhase;
			buildActionMask = 2147483647;
			files = (
			);
			inputPaths = (
			);
			name = "[CP] Check Pods Manifest.lock";
			outputPaths = (
			);
			runOnlyForDeploymentPostprocessing = 0;
			shellPath = /bin/sh;
			shellScript = "diff \"${PODS_PODFILE_DIR_PATH}/Podfile.lock\" \"${PODS_ROOT}/Manifest.lock\" > /dev/null\nif [ $? != 0 ] ; then\n    # print error to STDERR\n    echo \"error: The sandbox is not in sync with the Podfile.lock. Run 'pod install' or update your CocoaPods installation.\" >&2\n    exit 1\nfi\n";
			showEnvVarsInLog = 0;
		};
		D69937B6D40CDEC7F79C1566 /* [CP] Copy Pods Resources */ = {
			isa = PBXShellScriptBuildPhase;
			buildActionMask = 2147483647;
			files = (
			);
			inputPaths = (
			);
			name = "[CP] Copy Pods Resources";
			outputPaths = (
			);
			runOnlyForDeploymentPostprocessing = 0;
			shellPath = /bin/sh;
			shellScript = "\"${SRCROOT}/Pods/Target Support Files/Pods-PokeSpike/Pods-PokeSpike-resources.sh\"\n";
			showEnvVarsInLog = 0;
		};
/* End PBXShellScriptBuildPhase section */

/* Begin PBXSourcesBuildPhase section */
		96084A2F1FB76ED20066A76D /* Sources */ = {
			isa = PBXSourcesBuildPhase;
			buildActionMask = 2147483647;
			files = (
				96084A401FB76F100066A76D /* ListRequestorTests.swift in Sources */,
				961611251FB770E0001AA955 /* MockRequestWrapper.swift in Sources */,
				961611271FB786A9001AA955 /* MockListViewLogic.swift in Sources */,
			);
			runOnlyForDeploymentPostprocessing = 0;
		};
		96F6D6181FB67E5400202877 /* Sources */ = {
			isa = PBXSourcesBuildPhase;
			buildActionMask = 2147483647;
			files = (
				96F6D6481FB68B8B00202877 /* Move.swift in Sources */,
				96FAA9ED1FB69F67001A11A5 /* ListRequestor.swift in Sources */,
				96FAA9EB1FB69CA0001A11A5 /* RequestWrapper.swift in Sources */,
				961845981FB72F19006B178D /* MovesRequest.swift in Sources */,
				96F6D6401FB68A8700202877 /* PokemonListDataSource.swift in Sources */,
				96FAA9F31FB71F33001A11A5 /* PokemonsResponse.swift in Sources */,
				96FAA9F11FB71BFF001A11A5 /* PokemonsRequest.swift in Sources */,
				9618459A1FB7301B006B178D /* MovesResponse.swift in Sources */,
				96F6D64C1FB68D3900202877 /* MoveListCell.swift in Sources */,
				96F6D6421FB68A9A00202877 /* MoveListDataSource.swift in Sources */,
				96F6D6221FB67E5400202877 /* ListViewController.swift in Sources */,
				96F6D6201FB67E5400202877 /* AppDelegate.swift in Sources */,
				96FAA9EF1FB71BC3001A11A5 /* PokeRequest.swift in Sources */,
				96F6D64A1FB68D0F00202877 /* PokemonListCell.swift in Sources */,
				96F6D6441FB68ABF00202877 /* ListViewLogic.swift in Sources */,
				96F6D6461FB68B3000202877 /* Pokemon.swift in Sources */,
			);
			runOnlyForDeploymentPostprocessing = 0;
		};
/* End PBXSourcesBuildPhase section */

/* Begin PBXTargetDependency section */
		96084A391FB76ED20066A76D /* PBXTargetDependency */ = {
			isa = PBXTargetDependency;
			target = 96F6D61B1FB67E5400202877 /* PokeSpike */;
			targetProxy = 96084A381FB76ED20066A76D /* PBXContainerItemProxy */;
		};
/* End PBXTargetDependency section */

/* Begin PBXVariantGroup section */
		96F6D6231FB67E5400202877 /* Main.storyboard */ = {
			isa = PBXVariantGroup;
			children = (
				96F6D6241FB67E5400202877 /* Base */,
			);
			name = Main.storyboard;
			path = .;
			sourceTree = "<group>";
		};
		96F6D6281FB67E5400202877 /* LaunchScreen.storyboard */ = {
			isa = PBXVariantGroup;
			children = (
				96F6D6291FB67E5400202877 /* Base */,
			);
			name = LaunchScreen.storyboard;
			path = .;
			sourceTree = "<group>";
		};
/* End PBXVariantGroup section */

/* Begin XCBuildConfiguration section */
		96084A3B1FB76ED20066A76D /* Debug */ = {
			isa = XCBuildConfiguration;
			baseConfigurationReference = DF7AB2F38113B4CCBF0D1428 /* Pods-PokeSpikeTests.debug.xcconfig */;
			buildSettings = {
				BUNDLE_LOADER = "$(TEST_HOST)";
				CLANG_ENABLE_MODULES = YES;
				CODE_SIGN_STYLE = Automatic;
				DEVELOPMENT_TEAM = SPU386ZNKS;
				INFOPLIST_FILE = PokeSpikeTests/Support/Info.plist;
				LD_RUNPATH_SEARCH_PATHS = "$(inherited) @executable_path/Frameworks @loader_path/Frameworks";
				PRODUCT_BUNDLE_IDENTIFIER = com.peapodmm.PokeSpikeTests;
				PRODUCT_NAME = "$(TARGET_NAME)";
				SWIFT_OPTIMIZATION_LEVEL = "-Onone";
				SWIFT_VERSION = 4.0;
				TARGETED_DEVICE_FAMILY = "1,2";
				TEST_HOST = "$(BUILT_PRODUCTS_DIR)/PokeSpike.app/PokeSpike";
			};
			name = Debug;
		};
		96084A3C1FB76ED20066A76D /* Release */ = {
			isa = XCBuildConfiguration;
			baseConfigurationReference = B4314C0FC81721FFABF2E306 /* Pods-PokeSpikeTests.release.xcconfig */;
			buildSettings = {
				BUNDLE_LOADER = "$(TEST_HOST)";
				CLANG_ENABLE_MODULES = YES;
				CODE_SIGN_STYLE = Automatic;
				DEVELOPMENT_TEAM = SPU386ZNKS;
				INFOPLIST_FILE = PokeSpikeTests/Support/Info.plist;
				LD_RUNPATH_SEARCH_PATHS = "$(inherited) @executable_path/Frameworks @loader_path/Frameworks";
				PRODUCT_BUNDLE_IDENTIFIER = com.peapodmm.PokeSpikeTests;
				PRODUCT_NAME = "$(TARGET_NAME)";
				SWIFT_VERSION = 4.0;
				TARGETED_DEVICE_FAMILY = "1,2";
				TEST_HOST = "$(BUILT_PRODUCTS_DIR)/PokeSpike.app/PokeSpike";
			};
			name = Release;
		};
		96F6D6371FB67E5400202877 /* Debug */ = {
			isa = XCBuildConfiguration;
			buildSettings = {
				ALWAYS_SEARCH_USER_PATHS = NO;
				CLANG_ANALYZER_NONNULL = YES;
				CLANG_ANALYZER_NUMBER_OBJECT_CONVERSION = YES_AGGRESSIVE;
				CLANG_CXX_LANGUAGE_STANDARD = "gnu++14";
				CLANG_CXX_LIBRARY = "libc++";
				CLANG_ENABLE_MODULES = YES;
				CLANG_ENABLE_OBJC_ARC = YES;
				CLANG_WARN_BLOCK_CAPTURE_AUTORELEASING = YES;
				CLANG_WARN_BOOL_CONVERSION = YES;
				CLANG_WARN_COMMA = YES;
				CLANG_WARN_CONSTANT_CONVERSION = YES;
				CLANG_WARN_DIRECT_OBJC_ISA_USAGE = YES_ERROR;
				CLANG_WARN_DOCUMENTATION_COMMENTS = YES;
				CLANG_WARN_EMPTY_BODY = YES;
				CLANG_WARN_ENUM_CONVERSION = YES;
				CLANG_WARN_INFINITE_RECURSION = YES;
				CLANG_WARN_INT_CONVERSION = YES;
				CLANG_WARN_NON_LITERAL_NULL_CONVERSION = YES;
				CLANG_WARN_OBJC_LITERAL_CONVERSION = YES;
				CLANG_WARN_OBJC_ROOT_CLASS = YES_ERROR;
				CLANG_WARN_RANGE_LOOP_ANALYSIS = YES;
				CLANG_WARN_STRICT_PROTOTYPES = YES;
				CLANG_WARN_SUSPICIOUS_MOVE = YES;
				CLANG_WARN_UNGUARDED_AVAILABILITY = YES_AGGRESSIVE;
				CLANG_WARN_UNREACHABLE_CODE = YES;
				CLANG_WARN__DUPLICATE_METHOD_MATCH = YES;
				CODE_SIGN_IDENTITY = "iPhone Developer";
				COPY_PHASE_STRIP = NO;
				DEBUG_INFORMATION_FORMAT = dwarf;
				ENABLE_STRICT_OBJC_MSGSEND = YES;
				ENABLE_TESTABILITY = YES;
				GCC_C_LANGUAGE_STANDARD = gnu11;
				GCC_DYNAMIC_NO_PIC = NO;
				GCC_NO_COMMON_BLOCKS = YES;
				GCC_OPTIMIZATION_LEVEL = 0;
				GCC_PREPROCESSOR_DEFINITIONS = (
					"DEBUG=1",
					"$(inherited)",
				);
				GCC_WARN_64_TO_32_BIT_CONVERSION = YES;
				GCC_WARN_ABOUT_RETURN_TYPE = YES_ERROR;
				GCC_WARN_UNDECLARED_SELECTOR = YES;
				GCC_WARN_UNINITIALIZED_AUTOS = YES_AGGRESSIVE;
				GCC_WARN_UNUSED_FUNCTION = YES;
				GCC_WARN_UNUSED_VARIABLE = YES;
				IPHONEOS_DEPLOYMENT_TARGET = 11.1;
				MTL_ENABLE_DEBUG_INFO = YES;
				ONLY_ACTIVE_ARCH = YES;
				SDKROOT = iphoneos;
				SWIFT_ACTIVE_COMPILATION_CONDITIONS = DEBUG;
				SWIFT_OPTIMIZATION_LEVEL = "-Onone";
			};
			name = Debug;
		};
		96F6D6381FB67E5400202877 /* Release */ = {
			isa = XCBuildConfiguration;
			buildSettings = {
				ALWAYS_SEARCH_USER_PATHS = NO;
				CLANG_ANALYZER_NONNULL = YES;
				CLANG_ANALYZER_NUMBER_OBJECT_CONVERSION = YES_AGGRESSIVE;
				CLANG_CXX_LANGUAGE_STANDARD = "gnu++14";
				CLANG_CXX_LIBRARY = "libc++";
				CLANG_ENABLE_MODULES = YES;
				CLANG_ENABLE_OBJC_ARC = YES;
				CLANG_WARN_BLOCK_CAPTURE_AUTORELEASING = YES;
				CLANG_WARN_BOOL_CONVERSION = YES;
				CLANG_WARN_COMMA = YES;
				CLANG_WARN_CONSTANT_CONVERSION = YES;
				CLANG_WARN_DIRECT_OBJC_ISA_USAGE = YES_ERROR;
				CLANG_WARN_DOCUMENTATION_COMMENTS = YES;
				CLANG_WARN_EMPTY_BODY = YES;
				CLANG_WARN_ENUM_CONVERSION = YES;
				CLANG_WARN_INFINITE_RECURSION = YES;
				CLANG_WARN_INT_CONVERSION = YES;
				CLANG_WARN_NON_LITERAL_NULL_CONVERSION = YES;
				CLANG_WARN_OBJC_LITERAL_CONVERSION = YES;
				CLANG_WARN_OBJC_ROOT_CLASS = YES_ERROR;
				CLANG_WARN_RANGE_LOOP_ANALYSIS = YES;
				CLANG_WARN_STRICT_PROTOTYPES = YES;
				CLANG_WARN_SUSPICIOUS_MOVE = YES;
				CLANG_WARN_UNGUARDED_AVAILABILITY = YES_AGGRESSIVE;
				CLANG_WARN_UNREACHABLE_CODE = YES;
				CLANG_WARN__DUPLICATE_METHOD_MATCH = YES;
				CODE_SIGN_IDENTITY = "iPhone Developer";
				COPY_PHASE_STRIP = NO;
				DEBUG_INFORMATION_FORMAT = "dwarf-with-dsym";
				ENABLE_NS_ASSERTIONS = NO;
				ENABLE_STRICT_OBJC_MSGSEND = YES;
				GCC_C_LANGUAGE_STANDARD = gnu11;
				GCC_NO_COMMON_BLOCKS = YES;
				GCC_WARN_64_TO_32_BIT_CONVERSION = YES;
				GCC_WARN_ABOUT_RETURN_TYPE = YES_ERROR;
				GCC_WARN_UNDECLARED_SELECTOR = YES;
				GCC_WARN_UNINITIALIZED_AUTOS = YES_AGGRESSIVE;
				GCC_WARN_UNUSED_FUNCTION = YES;
				GCC_WARN_UNUSED_VARIABLE = YES;
				IPHONEOS_DEPLOYMENT_TARGET = 11.1;
				MTL_ENABLE_DEBUG_INFO = NO;
				SDKROOT = iphoneos;
				SWIFT_OPTIMIZATION_LEVEL = "-Owholemodule";
				VALIDATE_PRODUCT = YES;
			};
			name = Release;
		};
		96F6D63A1FB67E5400202877 /* Debug */ = {
			isa = XCBuildConfiguration;
			baseConfigurationReference = 18F946DDB54C34C9F28D80F0 /* Pods-PokeSpike.debug.xcconfig */;
			buildSettings = {
				ASSETCATALOG_COMPILER_APPICON_NAME = AppIcon;
				CODE_SIGN_STYLE = Automatic;
				DEVELOPMENT_TEAM = SPU386ZNKS;
				INFOPLIST_FILE = PokeSpike/Support/Info.plist;
				PRODUCT_BUNDLE_IDENTIFIER = com.peapodmm.PokeSpike;
				PRODUCT_NAME = "$(TARGET_NAME)";
				SWIFT_VERSION = 4.0;
				TARGETED_DEVICE_FAMILY = "1,2";
			};
			name = Debug;
		};
		96F6D63B1FB67E5400202877 /* Release */ = {
			isa = XCBuildConfiguration;
			baseConfigurationReference = A58DBA12752B6018B8901686 /* Pods-PokeSpike.release.xcconfig */;
			buildSettings = {
				ASSETCATALOG_COMPILER_APPICON_NAME = AppIcon;
				CODE_SIGN_STYLE = Automatic;
				DEVELOPMENT_TEAM = SPU386ZNKS;
				INFOPLIST_FILE = PokeSpike/Support/Info.plist;
				PRODUCT_BUNDLE_IDENTIFIER = com.peapodmm.PokeSpike;
				PRODUCT_NAME = "$(TARGET_NAME)";
				SWIFT_VERSION = 4.0;
				TARGETED_DEVICE_FAMILY = "1,2";
			};
			name = Release;
		};
/* End XCBuildConfiguration section */

/* Begin XCConfigurationList section */
		96084A3A1FB76ED20066A76D /* Build configuration list for PBXNativeTarget "PokeSpikeTests" */ = {
			isa = XCConfigurationList;
			buildConfigurations = (
				96084A3B1FB76ED20066A76D /* Debug */,
				96084A3C1FB76ED20066A76D /* Release */,
			);
			defaultConfigurationIsVisible = 0;
			defaultConfigurationName = Release;
		};
		96F6D6171FB67E5400202877 /* Build configuration list for PBXProject "PokeSpike" */ = {
			isa = XCConfigurationList;
			buildConfigurations = (
				96F6D6371FB67E5400202877 /* Debug */,
				96F6D6381FB67E5400202877 /* Release */,
			);
			defaultConfigurationIsVisible = 0;
			defaultConfigurationName = Release;
		};
		96F6D6391FB67E5400202877 /* Build configuration list for PBXNativeTarget "PokeSpike" */ = {
			isa = XCConfigurationList;
			buildConfigurations = (
				96F6D63A1FB67E5400202877 /* Debug */,
				96F6D63B1FB67E5400202877 /* Release */,
			);
			defaultConfigurationIsVisible = 0;
			defaultConfigurationName = Release;
		};
/* End XCConfigurationList section */
	};
	rootObject = 96F6D6141FB67E5400202877 /* Project object */;
}
